// !$*UTF8*$!
{
	archiveVersion = 1;
	classes = {
	};
	objectVersion = 50;
	objects = {

/* Begin PBXBuildFile section */
		766D947C24527F840037F0EC /* EGOrientationObserver.swift in Sources */ = {isa = PBXBuildFile; fileRef = 766D947B24527F840037F0EC /* EGOrientationObserver.swift */; };
		766D947E245294070037F0EC /* NavigationViewController.swift in Sources */ = {isa = PBXBuildFile; fileRef = 766D947D245294070037F0EC /* NavigationViewController.swift */; };
		766D9481245296670037F0EC /* FullScreenViewController.swift in Sources */ = {isa = PBXBuildFile; fileRef = 766D947F245296670037F0EC /* FullScreenViewController.swift */; };
		766D9482245296670037F0EC /* FullScreenViewController.xib in Resources */ = {isa = PBXBuildFile; fileRef = 766D9480245296670037F0EC /* FullScreenViewController.xib */; };
		7679FD7224504B55007CA928 /* AppDelegate.swift in Sources */ = {isa = PBXBuildFile; fileRef = 7679FD7124504B55007CA928 /* AppDelegate.swift */; };
		7679FD7424504B55007CA928 /* SceneDelegate.swift in Sources */ = {isa = PBXBuildFile; fileRef = 7679FD7324504B55007CA928 /* SceneDelegate.swift */; };
		7679FD7624504B55007CA928 /* ViewController.swift in Sources */ = {isa = PBXBuildFile; fileRef = 7679FD7524504B55007CA928 /* ViewController.swift */; };
		7679FD7924504B55007CA928 /* Main.storyboard in Resources */ = {isa = PBXBuildFile; fileRef = 7679FD7724504B55007CA928 /* Main.storyboard */; };
		7679FD7B24504B56007CA928 /* Assets.xcassets in Resources */ = {isa = PBXBuildFile; fileRef = 7679FD7A24504B56007CA928 /* Assets.xcassets */; };
		7679FD7E24504B56007CA928 /* LaunchScreen.storyboard in Resources */ = {isa = PBXBuildFile; fileRef = 7679FD7C24504B56007CA928 /* LaunchScreen.storyboard */; };
		7679FD8924504B56007CA928 /* EGPlayerTests.swift in Sources */ = {isa = PBXBuildFile; fileRef = 7679FD8824504B56007CA928 /* EGPlayerTests.swift */; };
		7679FD9424504B56007CA928 /* EGPlayerUITests.swift in Sources */ = {isa = PBXBuildFile; fileRef = 7679FD9324504B56007CA928 /* EGPlayerUITests.swift */; };
		7679FDA324512A90007CA928 /* EGPlayer.swift in Sources */ = {isa = PBXBuildFile; fileRef = 7679FDA224512A90007CA928 /* EGPlayer.swift */; };
		7679FDA524512AE7007CA928 /* DisplayerLayer.swift in Sources */ = {isa = PBXBuildFile; fileRef = 7679FDA424512AE7007CA928 /* DisplayerLayer.swift */; };
		7679FDA724512D1A007CA928 /* PlayerControlable.swift in Sources */ = {isa = PBXBuildFile; fileRef = 7679FDA624512D1A007CA928 /* PlayerControlable.swift */; };
		7679FDA924512F5C007CA928 /* EGPlayerControlView.swift in Sources */ = {isa = PBXBuildFile; fileRef = 7679FDA824512F5C007CA928 /* EGPlayerControlView.swift */; };
		7679FDAD24513751007CA928 /* PlayerViewController.swift in Sources */ = {isa = PBXBuildFile; fileRef = 7679FDAB24513751007CA928 /* PlayerViewController.swift */; };
		7679FDAE24513751007CA928 /* PlayerViewController.xib in Resources */ = {isa = PBXBuildFile; fileRef = 7679FDAC24513751007CA928 /* PlayerViewController.xib */; };
		840986BF24515D4800BD7760 /* EGSliderView.swift in Sources */ = {isa = PBXBuildFile; fileRef = 840986BE24515D4800BD7760 /* EGSliderView.swift */; };
		840986C124515D6000BD7760 /* EGSliderView.xib in Resources */ = {isa = PBXBuildFile; fileRef = 840986C024515D6000BD7760 /* EGSliderView.xib */; };
		840986C32452826700BD7760 /* EGLandScapeControlView.swift in Sources */ = {isa = PBXBuildFile; fileRef = 840986C22452826700BD7760 /* EGLandScapeControlView.swift */; };
		840986C52452827C00BD7760 /* EGLandScapeControlView.xib in Resources */ = {isa = PBXBuildFile; fileRef = 840986C42452827C00BD7760 /* EGLandScapeControlView.xib */; };
		840986C824528DC700BD7760 /* EGPortraitControlView.xib in Resources */ = {isa = PBXBuildFile; fileRef = 840986C624528DC600BD7760 /* EGPortraitControlView.xib */; };
		840986C924528DC700BD7760 /* EGPortraitControlView.swift in Sources */ = {isa = PBXBuildFile; fileRef = 840986C724528DC600BD7760 /* EGPortraitControlView.swift */; };
		840986CB2452ED5E00BD7760 /* EGPlayerGestureControl.swift in Sources */ = {isa = PBXBuildFile; fileRef = 840986CA2452ED5D00BD7760 /* EGPlayerGestureControl.swift */; };
		840986CD245534FA00BD7760 /* EGRotatePresentAnimator.swift in Sources */ = {isa = PBXBuildFile; fileRef = 840986CC245534FA00BD7760 /* EGRotatePresentAnimator.swift */; };
/* End PBXBuildFile section */

/* Begin PBXContainerItemProxy section */
		7679FD8524504B56007CA928 /* PBXContainerItemProxy */ = {
			isa = PBXContainerItemProxy;
			containerPortal = 7679FD6624504B55007CA928 /* Project object */;
			proxyType = 1;
			remoteGlobalIDString = 7679FD6D24504B55007CA928;
			remoteInfo = EGPlayer;
		};
		7679FD9024504B56007CA928 /* PBXContainerItemProxy */ = {
			isa = PBXContainerItemProxy;
			containerPortal = 7679FD6624504B55007CA928 /* Project object */;
			proxyType = 1;
			remoteGlobalIDString = 7679FD6D24504B55007CA928;
			remoteInfo = EGPlayer;
		};
/* End PBXContainerItemProxy section */

/* Begin PBXFileReference section */
		766D947B24527F840037F0EC /* EGOrientationObserver.swift */ = {isa = PBXFileReference; lastKnownFileType = sourcecode.swift; path = EGOrientationObserver.swift; sourceTree = "<group>"; };
		766D947D245294070037F0EC /* NavigationViewController.swift */ = {isa = PBXFileReference; lastKnownFileType = sourcecode.swift; path = NavigationViewController.swift; sourceTree = "<group>"; };
		766D947F245296670037F0EC /* FullScreenViewController.swift */ = {isa = PBXFileReference; lastKnownFileType = sourcecode.swift; path = FullScreenViewController.swift; sourceTree = "<group>"; };
		766D9480245296670037F0EC /* FullScreenViewController.xib */ = {isa = PBXFileReference; lastKnownFileType = file.xib; path = FullScreenViewController.xib; sourceTree = "<group>"; };
		7679FD6E24504B55007CA928 /* EGPlayer.app */ = {isa = PBXFileReference; explicitFileType = wrapper.application; includeInIndex = 0; path = EGPlayer.app; sourceTree = BUILT_PRODUCTS_DIR; };
		7679FD7124504B55007CA928 /* AppDelegate.swift */ = {isa = PBXFileReference; lastKnownFileType = sourcecode.swift; path = AppDelegate.swift; sourceTree = "<group>"; };
		7679FD7324504B55007CA928 /* SceneDelegate.swift */ = {isa = PBXFileReference; lastKnownFileType = sourcecode.swift; path = SceneDelegate.swift; sourceTree = "<group>"; };
		7679FD7524504B55007CA928 /* ViewController.swift */ = {isa = PBXFileReference; lastKnownFileType = sourcecode.swift; path = ViewController.swift; sourceTree = "<group>"; };
		7679FD7824504B55007CA928 /* Base */ = {isa = PBXFileReference; lastKnownFileType = file.storyboard; name = Base; path = Base.lproj/Main.storyboard; sourceTree = "<group>"; };
		7679FD7A24504B56007CA928 /* Assets.xcassets */ = {isa = PBXFileReference; lastKnownFileType = folder.assetcatalog; path = Assets.xcassets; sourceTree = "<group>"; };
		7679FD7D24504B56007CA928 /* Base */ = {isa = PBXFileReference; lastKnownFileType = file.storyboard; name = Base; path = Base.lproj/LaunchScreen.storyboard; sourceTree = "<group>"; };
		7679FD7F24504B56007CA928 /* Info.plist */ = {isa = PBXFileReference; lastKnownFileType = text.plist.xml; path = Info.plist; sourceTree = "<group>"; };
		7679FD8424504B56007CA928 /* EGPlayerTests.xctest */ = {isa = PBXFileReference; explicitFileType = wrapper.cfbundle; includeInIndex = 0; path = EGPlayerTests.xctest; sourceTree = BUILT_PRODUCTS_DIR; };
		7679FD8824504B56007CA928 /* EGPlayerTests.swift */ = {isa = PBXFileReference; lastKnownFileType = sourcecode.swift; path = EGPlayerTests.swift; sourceTree = "<group>"; };
		7679FD8A24504B56007CA928 /* Info.plist */ = {isa = PBXFileReference; lastKnownFileType = text.plist.xml; path = Info.plist; sourceTree = "<group>"; };
		7679FD8F24504B56007CA928 /* EGPlayerUITests.xctest */ = {isa = PBXFileReference; explicitFileType = wrapper.cfbundle; includeInIndex = 0; path = EGPlayerUITests.xctest; sourceTree = BUILT_PRODUCTS_DIR; };
		7679FD9324504B56007CA928 /* EGPlayerUITests.swift */ = {isa = PBXFileReference; lastKnownFileType = sourcecode.swift; path = EGPlayerUITests.swift; sourceTree = "<group>"; };
		7679FD9524504B56007CA928 /* Info.plist */ = {isa = PBXFileReference; lastKnownFileType = text.plist.xml; path = Info.plist; sourceTree = "<group>"; };
		7679FDA224512A90007CA928 /* EGPlayer.swift */ = {isa = PBXFileReference; lastKnownFileType = sourcecode.swift; path = EGPlayer.swift; sourceTree = "<group>"; };
		7679FDA424512AE7007CA928 /* DisplayerLayer.swift */ = {isa = PBXFileReference; lastKnownFileType = sourcecode.swift; path = DisplayerLayer.swift; sourceTree = "<group>"; };
		7679FDA624512D1A007CA928 /* PlayerControlable.swift */ = {isa = PBXFileReference; lastKnownFileType = sourcecode.swift; path = PlayerControlable.swift; sourceTree = "<group>"; };
		7679FDA824512F5C007CA928 /* EGPlayerControlView.swift */ = {isa = PBXFileReference; lastKnownFileType = sourcecode.swift; path = EGPlayerControlView.swift; sourceTree = "<group>"; };
		7679FDAB24513751007CA928 /* PlayerViewController.swift */ = {isa = PBXFileReference; lastKnownFileType = sourcecode.swift; path = PlayerViewController.swift; sourceTree = "<group>"; };
		7679FDAC24513751007CA928 /* PlayerViewController.xib */ = {isa = PBXFileReference; lastKnownFileType = file.xib; path = PlayerViewController.xib; sourceTree = "<group>"; };
		840986BE24515D4800BD7760 /* EGSliderView.swift */ = {isa = PBXFileReference; lastKnownFileType = sourcecode.swift; path = EGSliderView.swift; sourceTree = "<group>"; };
		840986C024515D6000BD7760 /* EGSliderView.xib */ = {isa = PBXFileReference; lastKnownFileType = file.xib; path = EGSliderView.xib; sourceTree = "<group>"; };
		840986C22452826700BD7760 /* EGLandScapeControlView.swift */ = {isa = PBXFileReference; lastKnownFileType = sourcecode.swift; path = EGLandScapeControlView.swift; sourceTree = "<group>"; };
		840986C42452827C00BD7760 /* EGLandScapeControlView.xib */ = {isa = PBXFileReference; lastKnownFileType = file.xib; path = EGLandScapeControlView.xib; sourceTree = "<group>"; };
		840986C624528DC600BD7760 /* EGPortraitControlView.xib */ = {isa = PBXFileReference; fileEncoding = 4; lastKnownFileType = file.xib; path = EGPortraitControlView.xib; sourceTree = "<group>"; };
		840986C724528DC600BD7760 /* EGPortraitControlView.swift */ = {isa = PBXFileReference; fileEncoding = 4; lastKnownFileType = sourcecode.swift; path = EGPortraitControlView.swift; sourceTree = "<group>"; };
		840986CA2452ED5D00BD7760 /* EGPlayerGestureControl.swift */ = {isa = PBXFileReference; lastKnownFileType = sourcecode.swift; path = EGPlayerGestureControl.swift; sourceTree = "<group>"; };
		840986CC245534FA00BD7760 /* EGRotatePresentAnimator.swift */ = {isa = PBXFileReference; lastKnownFileType = sourcecode.swift; path = EGRotatePresentAnimator.swift; sourceTree = "<group>"; };
/* End PBXFileReference section */

/* Begin PBXFrameworksBuildPhase section */
		7679FD6B24504B55007CA928 /* Frameworks */ = {
			isa = PBXFrameworksBuildPhase;
			buildActionMask = 2147483647;
			files = (
			);
			runOnlyForDeploymentPostprocessing = 0;
		};
		7679FD8124504B56007CA928 /* Frameworks */ = {
			isa = PBXFrameworksBuildPhase;
			buildActionMask = 2147483647;
			files = (
			);
			runOnlyForDeploymentPostprocessing = 0;
		};
		7679FD8C24504B56007CA928 /* Frameworks */ = {
			isa = PBXFrameworksBuildPhase;
			buildActionMask = 2147483647;
			files = (
			);
			runOnlyForDeploymentPostprocessing = 0;
		};
/* End PBXFrameworksBuildPhase section */

/* Begin PBXGroup section */
		7679FD6524504B55007CA928 = {
			isa = PBXGroup;
			children = (
				7679FD7024504B55007CA928 /* EGPlayer */,
				7679FD8724504B56007CA928 /* EGPlayerTests */,
				7679FD9224504B56007CA928 /* EGPlayerUITests */,
				7679FD6F24504B55007CA928 /* Products */,
			);
			sourceTree = "<group>";
		};
		7679FD6F24504B55007CA928 /* Products */ = {
			isa = PBXGroup;
			children = (
				7679FD6E24504B55007CA928 /* EGPlayer.app */,
				7679FD8424504B56007CA928 /* EGPlayerTests.xctest */,
				7679FD8F24504B56007CA928 /* EGPlayerUITests.xctest */,
			);
			name = Products;
			sourceTree = "<group>";
		};
		7679FD7024504B55007CA928 /* EGPlayer */ = {
			isa = PBXGroup;
			children = (
				7679FDA124512A7F007CA928 /* EGPlayer */,
				7679FDAA2451372A007CA928 /* Example */,
				7679FD7124504B55007CA928 /* AppDelegate.swift */,
				7679FD7324504B55007CA928 /* SceneDelegate.swift */,
				7679FD7524504B55007CA928 /* ViewController.swift */,
				7679FD7724504B55007CA928 /* Main.storyboard */,
				7679FD7A24504B56007CA928 /* Assets.xcassets */,
				7679FD7C24504B56007CA928 /* LaunchScreen.storyboard */,
				7679FD7F24504B56007CA928 /* Info.plist */,
				766D947D245294070037F0EC /* NavigationViewController.swift */,
			);
			path = EGPlayer;
			sourceTree = "<group>";
		};
		7679FD8724504B56007CA928 /* EGPlayerTests */ = {
			isa = PBXGroup;
			children = (
				7679FD8824504B56007CA928 /* EGPlayerTests.swift */,
				7679FD8A24504B56007CA928 /* Info.plist */,
			);
			path = EGPlayerTests;
			sourceTree = "<group>";
		};
		7679FD9224504B56007CA928 /* EGPlayerUITests */ = {
			isa = PBXGroup;
			children = (
				7679FD9324504B56007CA928 /* EGPlayerUITests.swift */,
				7679FD9524504B56007CA928 /* Info.plist */,
			);
			path = EGPlayerUITests;
			sourceTree = "<group>";
		};
		7679FDA124512A7F007CA928 /* EGPlayer */ = {
			isa = PBXGroup;
			children = (
				7679FDA224512A90007CA928 /* EGPlayer.swift */,
				7679FDA424512AE7007CA928 /* DisplayerLayer.swift */,
				7679FDA624512D1A007CA928 /* PlayerControlable.swift */,
				7679FDA824512F5C007CA928 /* EGPlayerControlView.swift */,
				840986C724528DC600BD7760 /* EGPortraitControlView.swift */,
				840986C624528DC600BD7760 /* EGPortraitControlView.xib */,
				840986C22452826700BD7760 /* EGLandScapeControlView.swift */,
				840986C42452827C00BD7760 /* EGLandScapeControlView.xib */,
				840986BE24515D4800BD7760 /* EGSliderView.swift */,
				840986C024515D6000BD7760 /* EGSliderView.xib */,
				766D947B24527F840037F0EC /* EGOrientationObserver.swift */,
				840986CA2452ED5D00BD7760 /* EGPlayerGestureControl.swift */,
				840986CC245534FA00BD7760 /* EGRotatePresentAnimator.swift */,
			);
			path = EGPlayer;
			sourceTree = "<group>";
		};
		7679FDAA2451372A007CA928 /* Example */ = {
			isa = PBXGroup;
			children = (
				7679FDAB24513751007CA928 /* PlayerViewController.swift */,
				7679FDAC24513751007CA928 /* PlayerViewController.xib */,
				766D947F245296670037F0EC /* FullScreenViewController.swift */,
				766D9480245296670037F0EC /* FullScreenViewController.xib */,
			);
			path = Example;
			sourceTree = "<group>";
		};
/* End PBXGroup section */

/* Begin PBXNativeTarget section */
		7679FD6D24504B55007CA928 /* EGPlayer */ = {
			isa = PBXNativeTarget;
			buildConfigurationList = 7679FD9824504B56007CA928 /* Build configuration list for PBXNativeTarget "EGPlayer" */;
			buildPhases = (
				7679FD6A24504B55007CA928 /* Sources */,
				7679FD6B24504B55007CA928 /* Frameworks */,
				7679FD6C24504B55007CA928 /* Resources */,
			);
			buildRules = (
			);
			dependencies = (
			);
			name = EGPlayer;
			productName = EGPlayer;
			productReference = 7679FD6E24504B55007CA928 /* EGPlayer.app */;
			productType = "com.apple.product-type.application";
		};
		7679FD8324504B56007CA928 /* EGPlayerTests */ = {
			isa = PBXNativeTarget;
			buildConfigurationList = 7679FD9B24504B56007CA928 /* Build configuration list for PBXNativeTarget "EGPlayerTests" */;
			buildPhases = (
				7679FD8024504B56007CA928 /* Sources */,
				7679FD8124504B56007CA928 /* Frameworks */,
				7679FD8224504B56007CA928 /* Resources */,
			);
			buildRules = (
			);
			dependencies = (
				7679FD8624504B56007CA928 /* PBXTargetDependency */,
			);
			name = EGPlayerTests;
			productName = EGPlayerTests;
			productReference = 7679FD8424504B56007CA928 /* EGPlayerTests.xctest */;
			productType = "com.apple.product-type.bundle.unit-test";
		};
		7679FD8E24504B56007CA928 /* EGPlayerUITests */ = {
			isa = PBXNativeTarget;
			buildConfigurationList = 7679FD9E24504B56007CA928 /* Build configuration list for PBXNativeTarget "EGPlayerUITests" */;
			buildPhases = (
				7679FD8B24504B56007CA928 /* Sources */,
				7679FD8C24504B56007CA928 /* Frameworks */,
				7679FD8D24504B56007CA928 /* Resources */,
			);
			buildRules = (
			);
			dependencies = (
				7679FD9124504B56007CA928 /* PBXTargetDependency */,
			);
			name = EGPlayerUITests;
			productName = EGPlayerUITests;
			productReference = 7679FD8F24504B56007CA928 /* EGPlayerUITests.xctest */;
			productType = "com.apple.product-type.bundle.ui-testing";
		};
/* End PBXNativeTarget section */

/* Begin PBXProject section */
		7679FD6624504B55007CA928 /* Project object */ = {
			isa = PBXProject;
			attributes = {
				LastSwiftUpdateCheck = 1140;
				LastUpgradeCheck = 1140;
				ORGANIZATIONNAME = youzy;
				TargetAttributes = {
					7679FD6D24504B55007CA928 = {
						CreatedOnToolsVersion = 11.4.1;
					};
					7679FD8324504B56007CA928 = {
						CreatedOnToolsVersion = 11.4.1;
						TestTargetID = 7679FD6D24504B55007CA928;
					};
					7679FD8E24504B56007CA928 = {
						CreatedOnToolsVersion = 11.4.1;
						TestTargetID = 7679FD6D24504B55007CA928;
					};
				};
			};
			buildConfigurationList = 7679FD6924504B55007CA928 /* Build configuration list for PBXProject "EGPlayer" */;
			compatibilityVersion = "Xcode 9.3";
			developmentRegion = en;
			hasScannedForEncodings = 0;
			knownRegions = (
				en,
				Base,
			);
			mainGroup = 7679FD6524504B55007CA928;
			productRefGroup = 7679FD6F24504B55007CA928 /* Products */;
			projectDirPath = "";
			projectRoot = "";
			targets = (
				7679FD6D24504B55007CA928 /* EGPlayer */,
				7679FD8324504B56007CA928 /* EGPlayerTests */,
				7679FD8E24504B56007CA928 /* EGPlayerUITests */,
			);
		};
/* End PBXProject section */

/* Begin PBXResourcesBuildPhase section */
		7679FD6C24504B55007CA928 /* Resources */ = {
			isa = PBXResourcesBuildPhase;
			buildActionMask = 2147483647;
			files = (
				840986C52452827C00BD7760 /* EGLandScapeControlView.xib in Resources */,
				7679FD7E24504B56007CA928 /* LaunchScreen.storyboard in Resources */,
				766D9482245296670037F0EC /* FullScreenViewController.xib in Resources */,
				7679FDAE24513751007CA928 /* PlayerViewController.xib in Resources */,
				840986C124515D6000BD7760 /* EGSliderView.xib in Resources */,
				7679FD7B24504B56007CA928 /* Assets.xcassets in Resources */,
				7679FD7924504B55007CA928 /* Main.storyboard in Resources */,
				840986C824528DC700BD7760 /* EGPortraitControlView.xib in Resources */,
			);
			runOnlyForDeploymentPostprocessing = 0;
		};
		7679FD8224504B56007CA928 /* Resources */ = {
			isa = PBXResourcesBuildPhase;
			buildActionMask = 2147483647;
			files = (
			);
			runOnlyForDeploymentPostprocessing = 0;
		};
		7679FD8D24504B56007CA928 /* Resources */ = {
			isa = PBXResourcesBuildPhase;
			buildActionMask = 2147483647;
			files = (
			);
			runOnlyForDeploymentPostprocessing = 0;
		};
/* End PBXResourcesBuildPhase section */

/* Begin PBXSourcesBuildPhase section */
		7679FD6A24504B55007CA928 /* Sources */ = {
			isa = PBXSourcesBuildPhase;
			buildActionMask = 2147483647;
			files = (
				7679FDA724512D1A007CA928 /* PlayerControlable.swift in Sources */,
				766D947E245294070037F0EC /* NavigationViewController.swift in Sources */,
				7679FDAD24513751007CA928 /* PlayerViewController.swift in Sources */,
				7679FD7624504B55007CA928 /* ViewController.swift in Sources */,
				7679FDA924512F5C007CA928 /* EGPlayerControlView.swift in Sources */,
				7679FDA524512AE7007CA928 /* DisplayerLayer.swift in Sources */,
				7679FD7224504B55007CA928 /* AppDelegate.swift in Sources */,
				840986CB2452ED5E00BD7760 /* EGPlayerGestureControl.swift in Sources */,
				840986C924528DC700BD7760 /* EGPortraitControlView.swift in Sources */,
				840986C32452826700BD7760 /* EGLandScapeControlView.swift in Sources */,
				840986BF24515D4800BD7760 /* EGSliderView.swift in Sources */,
				7679FDA324512A90007CA928 /* EGPlayer.swift in Sources */,
				766D947C24527F840037F0EC /* EGOrientationObserver.swift in Sources */,
				7679FD7424504B55007CA928 /* SceneDelegate.swift in Sources */,
				766D9481245296670037F0EC /* FullScreenViewController.swift in Sources */,
				840986CD245534FA00BD7760 /* EGRotatePresentAnimator.swift in Sources */,
			);
			runOnlyForDeploymentPostprocessing = 0;
		};
		7679FD8024504B56007CA928 /* Sources */ = {
			isa = PBXSourcesBuildPhase;
			buildActionMask = 2147483647;
			files = (
				7679FD8924504B56007CA928 /* EGPlayerTests.swift in Sources */,
			);
			runOnlyForDeploymentPostprocessing = 0;
		};
		7679FD8B24504B56007CA928 /* Sources */ = {
			isa = PBXSourcesBuildPhase;
			buildActionMask = 2147483647;
			files = (
				7679FD9424504B56007CA928 /* EGPlayerUITests.swift in Sources */,
			);
			runOnlyForDeploymentPostprocessing = 0;
		};
/* End PBXSourcesBuildPhase section */

/* Begin PBXTargetDependency section */
		7679FD8624504B56007CA928 /* PBXTargetDependency */ = {
			isa = PBXTargetDependency;
			target = 7679FD6D24504B55007CA928 /* EGPlayer */;
			targetProxy = 7679FD8524504B56007CA928 /* PBXContainerItemProxy */;
		};
		7679FD9124504B56007CA928 /* PBXTargetDependency */ = {
			isa = PBXTargetDependency;
			target = 7679FD6D24504B55007CA928 /* EGPlayer */;
			targetProxy = 7679FD9024504B56007CA928 /* PBXContainerItemProxy */;
		};
/* End PBXTargetDependency section */

/* Begin PBXVariantGroup section */
		7679FD7724504B55007CA928 /* Main.storyboard */ = {
			isa = PBXVariantGroup;
			children = (
				7679FD7824504B55007CA928 /* Base */,
			);
			name = Main.storyboard;
			sourceTree = "<group>";
		};
		7679FD7C24504B56007CA928 /* LaunchScreen.storyboard */ = {
			isa = PBXVariantGroup;
			children = (
				7679FD7D24504B56007CA928 /* Base */,
			);
			name = LaunchScreen.storyboard;
			sourceTree = "<group>";
		};
/* End PBXVariantGroup section */

/* Begin XCBuildConfiguration section */
		7679FD9624504B56007CA928 /* Debug */ = {
			isa = XCBuildConfiguration;
			buildSettings = {
				ALWAYS_SEARCH_USER_PATHS = NO;
				CLANG_ANALYZER_NONNULL = YES;
				CLANG_ANALYZER_NUMBER_OBJECT_CONVERSION = YES_AGGRESSIVE;
				CLANG_CXX_LANGUAGE_STANDARD = "gnu++14";
				CLANG_CXX_LIBRARY = "libc++";
				CLANG_ENABLE_MODULES = YES;
				CLANG_ENABLE_OBJC_ARC = YES;
				CLANG_ENABLE_OBJC_WEAK = YES;
				CLANG_WARN_BLOCK_CAPTURE_AUTORELEASING = YES;
				CLANG_WARN_BOOL_CONVERSION = YES;
				CLANG_WARN_COMMA = YES;
				CLANG_WARN_CONSTANT_CONVERSION = YES;
				CLANG_WARN_DEPRECATED_OBJC_IMPLEMENTATIONS = YES;
				CLANG_WARN_DIRECT_OBJC_ISA_USAGE = YES_ERROR;
				CLANG_WARN_DOCUMENTATION_COMMENTS = YES;
				CLANG_WARN_EMPTY_BODY = YES;
				CLANG_WARN_ENUM_CONVERSION = YES;
				CLANG_WARN_INFINITE_RECURSION = YES;
				CLANG_WARN_INT_CONVERSION = YES;
				CLANG_WARN_NON_LITERAL_NULL_CONVERSION = YES;
				CLANG_WARN_OBJC_IMPLICIT_RETAIN_SELF = YES;
				CLANG_WARN_OBJC_LITERAL_CONVERSION = YES;
				CLANG_WARN_OBJC_ROOT_CLASS = YES_ERROR;
				CLANG_WARN_RANGE_LOOP_ANALYSIS = YES;
				CLANG_WARN_STRICT_PROTOTYPES = YES;
				CLANG_WARN_SUSPICIOUS_MOVE = YES;
				CLANG_WARN_UNGUARDED_AVAILABILITY = YES_AGGRESSIVE;
				CLANG_WARN_UNREACHABLE_CODE = YES;
				CLANG_WARN__DUPLICATE_METHOD_MATCH = YES;
				COPY_PHASE_STRIP = NO;
				DEBUG_INFORMATION_FORMAT = dwarf;
				ENABLE_STRICT_OBJC_MSGSEND = YES;
				ENABLE_TESTABILITY = YES;
				GCC_C_LANGUAGE_STANDARD = gnu11;
				GCC_DYNAMIC_NO_PIC = NO;
				GCC_NO_COMMON_BLOCKS = YES;
				GCC_OPTIMIZATION_LEVEL = 0;
				GCC_PREPROCESSOR_DEFINITIONS = (
					"DEBUG=1",
					"$(inherited)",
				);
				GCC_WARN_64_TO_32_BIT_CONVERSION = YES;
				GCC_WARN_ABOUT_RETURN_TYPE = YES_ERROR;
				GCC_WARN_UNDECLARED_SELECTOR = YES;
				GCC_WARN_UNINITIALIZED_AUTOS = YES_AGGRESSIVE;
				GCC_WARN_UNUSED_FUNCTION = YES;
				GCC_WARN_UNUSED_VARIABLE = YES;
				IPHONEOS_DEPLOYMENT_TARGET = 13.4;
				MTL_ENABLE_DEBUG_INFO = INCLUDE_SOURCE;
				MTL_FAST_MATH = YES;
				ONLY_ACTIVE_ARCH = YES;
				SDKROOT = iphoneos;
				SWIFT_ACTIVE_COMPILATION_CONDITIONS = DEBUG;
				SWIFT_OPTIMIZATION_LEVEL = "-Onone";
			};
			name = Debug;
		};
		7679FD9724504B56007CA928 /* Release */ = {
			isa = XCBuildConfiguration;
			buildSettings = {
				ALWAYS_SEARCH_USER_PATHS = NO;
				CLANG_ANALYZER_NONNULL = YES;
				CLANG_ANALYZER_NUMBER_OBJECT_CONVERSION = YES_AGGRESSIVE;
				CLANG_CXX_LANGUAGE_STANDARD = "gnu++14";
				CLANG_CXX_LIBRARY = "libc++";
				CLANG_ENABLE_MODULES = YES;
				CLANG_ENABLE_OBJC_ARC = YES;
				CLANG_ENABLE_OBJC_WEAK = YES;
				CLANG_WARN_BLOCK_CAPTURE_AUTORELEASING = YES;
				CLANG_WARN_BOOL_CONVERSION = YES;
				CLANG_WARN_COMMA = YES;
				CLANG_WARN_CONSTANT_CONVERSION = YES;
				CLANG_WARN_DEPRECATED_OBJC_IMPLEMENTATIONS = YES;
				CLANG_WARN_DIRECT_OBJC_ISA_USAGE = YES_ERROR;
				CLANG_WARN_DOCUMENTATION_COMMENTS = YES;
				CLANG_WARN_EMPTY_BODY = YES;
				CLANG_WARN_ENUM_CONVERSION = YES;
				CLANG_WARN_INFINITE_RECURSION = YES;
				CLANG_WARN_INT_CONVERSION = YES;
				CLANG_WARN_NON_LITERAL_NULL_CONVERSION = YES;
				CLANG_WARN_OBJC_IMPLICIT_RETAIN_SELF = YES;
				CLANG_WARN_OBJC_LITERAL_CONVERSION = YES;
				CLANG_WARN_OBJC_ROOT_CLASS = YES_ERROR;
				CLANG_WARN_RANGE_LOOP_ANALYSIS = YES;
				CLANG_WARN_STRICT_PROTOTYPES = YES;
				CLANG_WARN_SUSPICIOUS_MOVE = YES;
				CLANG_WARN_UNGUARDED_AVAILABILITY = YES_AGGRESSIVE;
				CLANG_WARN_UNREACHABLE_CODE = YES;
				CLANG_WARN__DUPLICATE_METHOD_MATCH = YES;
				COPY_PHASE_STRIP = NO;
				DEBUG_INFORMATION_FORMAT = "dwarf-with-dsym";
				ENABLE_NS_ASSERTIONS = NO;
				ENABLE_STRICT_OBJC_MSGSEND = YES;
				GCC_C_LANGUAGE_STANDARD = gnu11;
				GCC_NO_COMMON_BLOCKS = YES;
				GCC_WARN_64_TO_32_BIT_CONVERSION = YES;
				GCC_WARN_ABOUT_RETURN_TYPE = YES_ERROR;
				GCC_WARN_UNDECLARED_SELECTOR = YES;
				GCC_WARN_UNINITIALIZED_AUTOS = YES_AGGRESSIVE;
				GCC_WARN_UNUSED_FUNCTION = YES;
				GCC_WARN_UNUSED_VARIABLE = YES;
				IPHONEOS_DEPLOYMENT_TARGET = 13.4;
				MTL_ENABLE_DEBUG_INFO = NO;
				MTL_FAST_MATH = YES;
				SDKROOT = iphoneos;
				SWIFT_COMPILATION_MODE = wholemodule;
				SWIFT_OPTIMIZATION_LEVEL = "-O";
				VALIDATE_PRODUCT = YES;
			};
			name = Release;
		};
		7679FD9924504B56007CA928 /* Debug */ = {
			isa = XCBuildConfiguration;
			buildSettings = {
				ASSETCATALOG_COMPILER_APPICON_NAME = AppIcon;
				CODE_SIGN_STYLE = Automatic;
				DEVELOPMENT_TEAM = 4WM659594V;
				INFOPLIST_FILE = EGPlayer/Info.plist;
				IPHONEOS_DEPLOYMENT_TARGET = 10.0;
				LD_RUNPATH_SEARCH_PATHS = (
					"$(inherited)",
					"@executable_path/Frameworks",
				);
				PRODUCT_BUNDLE_IDENTIFIER = com.eagersoftdbl.EGPlayer;
				PRODUCT_NAME = "$(TARGET_NAME)";
				SWIFT_VERSION = 5.0;
				TARGETED_DEVICE_FAMILY = "1,2";
			};
			name = Debug;
		};
		7679FD9A24504B56007CA928 /* Release */ = {
			isa = XCBuildConfiguration;
			buildSettings = {
				ASSETCATALOG_COMPILER_APPICON_NAME = AppIcon;
				CODE_SIGN_STYLE = Automatic;
				DEVELOPMENT_TEAM = 4WM659594V;
				INFOPLIST_FILE = EGPlayer/Info.plist;
				IPHONEOS_DEPLOYMENT_TARGET = 10.0;
				LD_RUNPATH_SEARCH_PATHS = (
					"$(inherited)",
					"@executable_path/Frameworks",
				);
				PRODUCT_BUNDLE_IDENTIFIER = com.eagersoftdbl.EGPlayer;
				PRODUCT_NAME = "$(TARGET_NAME)";
				SWIFT_VERSION = 5.0;
				TARGETED_DEVICE_FAMILY = "1,2";
			};
			name = Release;
		};
		7679FD9C24504B56007CA928 /* Debug */ = {
			isa = XCBuildConfiguration;
			buildSettings = {
				ALWAYS_EMBED_SWIFT_STANDARD_LIBRARIES = YES;
				BUNDLE_LOADER = "$(TEST_HOST)";
				CODE_SIGN_STYLE = Automatic;
				DEVELOPMENT_TEAM = 4WM659594V;
				INFOPLIST_FILE = EGPlayerTests/Info.plist;
				IPHONEOS_DEPLOYMENT_TARGET = 13.4;
				LD_RUNPATH_SEARCH_PATHS = (
					"$(inherited)",
					"@executable_path/Frameworks",
					"@loader_path/Frameworks",
				);
				PRODUCT_BUNDLE_IDENTIFIER = com.eagersoftdbl.EGPlayerTests;
				PRODUCT_NAME = "$(TARGET_NAME)";
				SWIFT_VERSION = 5.0;
				TARGETED_DEVICE_FAMILY = "1,2";
				TEST_HOST = "$(BUILT_PRODUCTS_DIR)/EGPlayer.app/EGPlayer";
			};
			name = Debug;
		};
		7679FD9D24504B56007CA928 /* Release */ = {
			isa = XCBuildConfiguration;
			buildSettings = {
				ALWAYS_EMBED_SWIFT_STANDARD_LIBRARIES = YES;
				BUNDLE_LOADER = "$(TEST_HOST)";
				CODE_SIGN_STYLE = Automatic;
				DEVELOPMENT_TEAM = 4WM659594V;
				INFOPLIST_FILE = EGPlayerTests/Info.plist;
				IPHONEOS_DEPLOYMENT_TARGET = 13.4;
				LD_RUNPATH_SEARCH_PATHS = (
					"$(inherited)",
					"@executable_path/Frameworks",
					"@loader_path/Frameworks",
				);
				PRODUCT_BUNDLE_IDENTIFIER = com.eagersoftdbl.EGPlayerTests;
				PRODUCT_NAME = "$(TARGET_NAME)";
				SWIFT_VERSION = 5.0;
				TARGETED_DEVICE_FAMILY = "1,2";
				TEST_HOST = "$(BUILT_PRODUCTS_DIR)/EGPlayer.app/EGPlayer";
			};
			name = Release;
		};
		7679FD9F24504B56007CA928 /* Debug */ = {
			isa = XCBuildConfiguration;
			buildSettings = {
				ALWAYS_EMBED_SWIFT_STANDARD_LIBRARIES = YES;
				CODE_SIGN_STYLE = Automatic;
				DEVELOPMENT_TEAM = 4WM659594V;
				INFOPLIST_FILE = EGPlayerUITests/Info.plist;
				LD_RUNPATH_SEARCH_PATHS = (
					"$(inherited)",
					"@executable_path/Frameworks",
					"@loader_path/Frameworks",
				);
				PRODUCT_BUNDLE_IDENTIFIER = com.eagersoftdbl.EGPlayerUITests;
				PRODUCT_NAME = "$(TARGET_NAME)";
				SWIFT_VERSION = 5.0;
				TARGETED_DEVICE_FAMILY = "1,2";
				TEST_TARGET_NAME = EGPlayer;
			};
			name = Debug;
		};
		7679FDA024504B56007CA928 /* Release */ = {
			isa = XCBuildConfiguration;
			buildSettings = {
				ALWAYS_EMBED_SWIFT_STANDARD_LIBRARIES = YES;
				CODE_SIGN_STYLE = Automatic;
				DEVELOPMENT_TEAM = 4WM659594V;
				INFOPLIST_FILE = EGPlayerUITests/Info.plist;
				LD_RUNPATH_SEARCH_PATHS = (
					"$(inherited)",
					"@executable_path/Frameworks",
					"@loader_path/Frameworks",
				);
				PRODUCT_BUNDLE_IDENTIFIER = com.eagersoftdbl.EGPlayerUITests;
				PRODUCT_NAME = "$(TARGET_NAME)";
				SWIFT_VERSION = 5.0;
				TARGETED_DEVICE_FAMILY = "1,2";
				TEST_TARGET_NAME = EGPlayer;
			};
			name = Release;
		};
/* End XCBuildConfiguration section */

/* Begin XCConfigurationList section */
		7679FD6924504B55007CA928 /* Build configuration list for PBXProject "EGPlayer" */ = {
			isa = XCConfigurationList;
			buildConfigurations = (
				7679FD9624504B56007CA928 /* Debug */,
				7679FD9724504B56007CA928 /* Release */,
			);
			defaultConfigurationIsVisible = 0;
			defaultConfigurationName = Release;
		};
		7679FD9824504B56007CA928 /* Build configuration list for PBXNativeTarget "EGPlayer" */ = {
			isa = XCConfigurationList;
			buildConfigurations = (
				7679FD9924504B56007CA928 /* Debug */,
				7679FD9A24504B56007CA928 /* Release */,
			);
			defaultConfigurationIsVisible = 0;
			defaultConfigurationName = Release;
		};
		7679FD9B24504B56007CA928 /* Build configuration list for PBXNativeTarget "EGPlayerTests" */ = {
			isa = XCConfigurationList;
			buildConfigurations = (
				7679FD9C24504B56007CA928 /* Debug */,
				7679FD9D24504B56007CA928 /* Release */,
			);
			defaultConfigurationIsVisible = 0;
			defaultConfigurationName = Release;
		};
		7679FD9E24504B56007CA928 /* Build configuration list for PBXNativeTarget "EGPlayerUITests" */ = {
			isa = XCConfigurationList;
			buildConfigurations = (
				7679FD9F24504B56007CA928 /* Debug */,
				7679FDA024504B56007CA928 /* Release */,
			);
			defaultConfigurationIsVisible = 0;
			defaultConfigurationName = Release;
		};
/* End XCConfigurationList section */
	};
	rootObject = 7679FD6624504B55007CA928 /* Project object */;
}
